dependencies:
- name: common
  repository: https://bjw-s-labs.github.io/helm-charts/
  version: 4.6.2
- name: valkey
  repository: oci://ghcr.io/valkey-io/valkey-helm
  version: 0.9.4
- name: ollama
  repository: https://otwld.github.io/ollama-helm/
  version: 1.59.0
digest: sha256:a3468dbbef6fbd607992388ea50b6c604c9e28b47d136a41589194c191e3960f
generated: "2026-06-05T10:45:27.482989312Z"
