dependencies:
- name: common
  repository: https://bjw-s-labs.github.io/helm-charts/
  version: 4.6.2
- name: valkey
  repository: oci://ghcr.io/valkey-io/valkey-helm
  version: 0.9.3
- name: ollama
  repository: https://otwld.github.io/ollama-helm/
  version: 1.54.0
digest: sha256:dfde7ed8cd0c2bcd246d0e7cd88032c7199b5b4419440b70f95444c5db43fed9
generated: "2026-04-01T14:28:07.123226074+02:00"
